version = 1
revision = 3
requires-python = ">=3.11, <3.14"

[[package]]
name = "attrs"
version = "26.1.0"
source = { registry = "https://pypi.org/simple" }
sdist = { url = "https://files.pythonhosted.org/packages/9a/8e/82a0fe20a541c03148528be8cac2408564a6c9a0cc7e9171802bc1d26985/attrs-26.1.0.tar.gz", hash = "sha256:d03ceb89cb322a8fd706d4fb91940737b6642aa36998fe130a9bc96c985eff32", size = 952055, upload-time = "2026-03-19T14:22:25.026Z" }
wheels = [
    { url = "https://files.pythonhosted.org/packages/64/b4/17d4b0b2a2dc85a6df63d1157e028ed19f90d4cd97c36717afef2bc2f395/attrs-26.1.0-py3-none-any.whl", hash = "sha256:c647aa4a12dfbad9333ca4e71fe62ddc36f4e63b2d260a37a8b83d2f043ac309", size = 67548, upload-time = "2026-03-19T14:22:23.645Z" },
]

[[package]]
name = "colorama"
version = "0.4.6"
source = { registry = "https://pypi.org/simple" }
sdist = { url = "https://files.pythonhosted.org/packages/d8/53/6f443c9a4a8358a93a6792e2acffb9d9d5cb0a5cfd8802644b7b1c9a02e4/colorama-0.4.6.tar.gz", hash = "sha256:08695f5cb7ed6e0531a20572697297273c47b8cae5a63ffc6d6ed5c201be6e44", size = 27697, upload-time = "2022-10-25T02:36:22.414Z" }
wheels = [
    { url = "https://files.pythonhosted.org/packages/d1/d6/3965ed04c63042e047cb6a3e6ed1a63a35087b6a609aa3a15ed8ac56c221/colorama-0.4.6-py2.py3-none-any.whl", hash = "sha256:4f1d9991f5acc0ca119f9d443620b77f9d6b33703e51011c16baf57afb285fc6", size = 25335, upload-time = "2022-10-25T02:36:20.889Z" },
]

[[package]]
name = "hippocampus-foundation"
version = "0.1.0"
source = { editable = "." }
dependencies = [
    { name = "jsonschema" },
    { name = "rfc8785" },
]

[package.dev-dependencies]
dev = [
    { name = "hypothesis" },
    { name = "pytest" },
]

[package.metadata]
requires-dist = [
    { name = "jsonschema", specifier = ">=4.23,<5" },
    { name = "rfc8785", specifier = ">=0.1.4,<1" },
]

[package.metadata.requires-dev]
dev = [
    { name = "hypothesis", specifier = ">=6.130,<7" },
    { name = "pytest", specifier = ">=8.3,<9" },
]

[[package]]
name = "hypothesis"
version = "6.165.9"
source = { registry = "https://pypi.org/simple" }
dependencies = [
    { name = "sortedcontainers" },
]
sdist = { url = "https://files.pythonhosted.org/packages/68/a8/f7afb4b55a7f00307f246fb7c3cf2abdc8f8e0ad7eb81bf23f8025480da6/hypothesis-6.165.9.tar.gz", hash = "sha256:a5d1fa312020b499c517e1217ef4440c56a9b52e20b47b420b48a583a81c412b", size = 503594, upload-time = "2026-08-15T02:50:07.518Z" }
wheels = [
    { url = "https://files.pythonhosted.org/packages/fe/c7/da4298709de649a01c73ce93c4ee5b5651433217e17c494dc91baded86b0/hypothesis-6.165.9-cp310-abi3-macosx_10_12_x86_64.whl", hash = "sha256:01a2a4106fa90396ffa1c402968a8bd25af056e1fdf7974a369c4057cc4035f1", size = 783107, upload-time = "2026-08-15T02:49:32.01Z" },
    { url = "https://files.pythonhosted.org/packages/58/97/d9f265174464d05a4d818d98dcd4e870ad2c2b60e9844033c23b3eb21eda/hypothesis-6.165.9-cp310-abi3-macosx_11_0_arm64.whl", hash = "sha256:7812f1ce9e2bfc0958f2a96975f16a1e1f2400f9d8b7043723ff5811647fe0f6", size = 778677, upload-time = "2026-08-15T02:48:16.984Z" },
    { url = "https://files.pythonhosted.org/packages/ae/fe/d3364f99dd76f1275b430b2fc2818119df84e71f0657ad7f89b922e90d55/hypothesis-6.165.9-cp310-abi3-manylinux_2_17_aarch64.manylinux2014_aarch64.whl", hash = "sha256:e547823eca16eab9c9569f292e5ce8f95d8a59f1d67e504e97a841d17eb0b562", size = 1107895, upload-time = "2026-08-15T02:47:42.954Z" },
    { url = "https://files.pythonhosted.org/packages/71/5d/42b524303219351add359a05463df067be126c9ca576b0547218cf8aa54b/hypothesis-6.165.9-cp310-abi3-manylinux_2_17_armv7l.manylinux2014_armv7l.whl", hash = "sha256:e50c687c0e86bb5898f36b845ab84439f44ef2369f0f9bbcbf6aa6860640324d", size = 1136455, upload-time = "2026-08-15T02:49:56.069Z" },
    { url = "https://files.pythonhosted.org/packages/af/d5/91948f68b5007a40b2cc356d9365de0f5cb08c200e383b38259ad75130ae/hypothesis-6.165.9-cp310-abi3-manylinux_2_17_ppc64le.manylinux2014_ppc64le.whl", hash = "sha256:f82aed6f0631b5073bd87789aa56609e7c83bd762384fd24c84f3435816b2569", size = 1135112, upload-time = "2026-08-15T02:48:51.211Z" },
    { url = "https://files.pythonhosted.org/packages/55/3c/6e04ac80c5a63da9ecff00199851433437f617da9cd1b5208f11af3337b8/hypothesis-6.165.9-cp310-abi3-manylinux_2_17_x86_64.manylinux2014_x86_64.whl", hash = "sha256:488b88b6856e430763a7ac5a5fc6e20a798766dca8df8f94576de2281ee60afd", size = 1157397, upload-time = "2026-08-15T02:49:27.874Z" },
    { url = "https://files.pythonhosted.org/packages/12/40/4a1aeddc254d8d6a8f43bbeea928ef5b576e041eb0c9459a91fce884f4cd/hypothesis-6.165.9-cp310-abi3-manylinux_2_31_riscv64.whl", hash = "sha256:22dd9e264f2a79a1b63a5fae13351e3cf0088f584fb05bb0e23f21b8fba9df7c", size = 1112748, upload-time = "2026-08-15T02:48:35.764Z" },
    { url = "https://files.pythonhosted.org/packages/35/bc/dde8231f1d10ab0c60627c40757b9b832605028ef0780420fcfc3ccba664/hypothesis-6.165.9-cp310-abi3-manylinux_2_5_i686.manylinux1_i686.whl", hash = "sha256:431ab894062666c93157234f9949a4db3549fbf3c220777abae3482e1b43f9bc", size = 1149484, upload-time = "2026-08-15T02:48:53.088Z" },
    { url = "https://files.pythonhosted.org/packages/1b/b2/cb29a983c7f06770a6b348f76cb33f90a70b0594a1e61c4a803aedfb1d1f/hypothesis-6.165.9-cp310-abi3-musllinux_1_2_aarch64.whl", hash = "sha256:c7edcc3dcec42b413c900f8e660f3741c21f0055c53bde21d728f72a21713247", size = 1283267, upload-time = "2026-08-15T02:47:55.688Z" },
    { url = "https://files.pythonhosted.org/packages/88/c0/6bfcf3fb379aba87f3d09073b589c7b7e932ad047ed7bc0124300a51f431/hypothesis-6.165.9-cp310-abi3-musllinux_1_2_armv7l.whl", hash = "sha256:0d4a613404ba216b6f698ce9df6f9c22d04d8e8a571c42525e83905cf1b1cd10", size = 1409841, upload-time = "2026-08-15T02:48:23.939Z" },
    { url = "https://files.pythonhosted.org/packages/98/c0/0c73a985144717272d2afec377a45c149688a477af946ae24c16b59c9788/hypothesis-6.165.9-cp310-abi3-musllinux_1_2_ppc64le.whl", hash = "sha256:658c33d8a54cead6081f73fcc4e2c0fbe43d251d3f4170630748d8e5dcbd542f", size = 1264878, upload-time = "2026-08-15T02:50:05.056Z" },
    { url = "https://files.pythonhosted.org/packages/56/91/50d4a6df07a305f5f17578443c93b618a49e8db68c01de8870e539139eb9/hypothesis-6.165.9-cp310-abi3-musllinux_1_2_riscv64.whl", hash = "sha256:7d3297fe95a253cea81b48e581e456105016ebe782d823dfb57ec09c3854301f", size = 1282519, upload-time = "2026-08-15T02:48:22.42Z" },
    { url = "https://files.pythonhosted.org/packages/c9/5f/5a54f4ca30a669a247df7c467aea7bb854d9b4de7e1dc51edb2f91ec603f/hypothesis-6.165.9-cp310-abi3-musllinux_1_2_x86_64.whl", hash = "sha256:a9a1e17200a2b369a38c19c2184efbc041a40b784675ba72ac6800d8c1260a54", size = 1324669, upload-time = "2026-08-15T02:48:29.144Z" },
    { url = "https://files.pythonhosted.org/packages/3a/b2/6ef8eac3b30d6c8225fc405be3b99790701a942706ec93a3bd638a0b614a/hypothesis-6.165.9-cp310-abi3-win32.whl", hash = "sha256:5d40a92c6d025725da7827431a71b7657ce2e3923ff8f1773d6b15d717f77ea0", size = 668903, upload-time = "2026-08-15T02:48:34.033Z" },
    { url = "https://files.pythonhosted.org/packages/f0/7f/b9514f65d2cc97277f6442e3b05164177a742489940efa53e794a54b62f6/hypothesis-6.165.9-cp310-abi3-win_amd64.whl", hash = "sha256:59f29ef2965caf1ae367ee0598ac0d293551b95744a5d49888737a3b3d9dd944", size = 675051, upload-time = "2026-08-15T02:47:49.697Z" },
    { url = "https://files.pythonhosted.org/packages/96/01/110123106a3702d2f3ffc47b9bc6a1a29c19cd2d15fcf356430777a4883a/hypothesis-6.165.9-cp310-abi3-win_arm64.whl", hash = "sha256:f52fd4f1b95f614c3fec53840d603f0a3b19e68eaa91c8d609222999c3ee5506", size = 673402, upload-time = "2026-08-15T02:47:48.364Z" },
    { url = "https://files.pythonhosted.org/packages/de/1d/1c2dea64a3b00b9f83ca57bacaf4982255da7797d6c65fc0301f21a0ca94/hypothesis-6.165.9-cp311-cp311-macosx_10_12_x86_64.whl", hash = "sha256:a9995cbf91e0b22cb8d9aaaf6b10994b2ac1ebc3b01b4a91d3e82761a2737043", size = 783582, upload-time = "2026-08-15T02:49:29.881Z" },
    { url = "https://files.pythonhosted.org/packages/aa/8c/d8f51166ef9feaeb08d33737b2874d1effca4ada8bf6598e6f2a634a3ca1/hypothesis-6.165.9-cp311-cp311-macosx_11_0_arm64.whl", hash = "sha256:f94e4456f7b0dd04f4f80f26a2c499370f6048f393ff61436de4e192e278e2df", size = 779367, upload-time = "2026-08-15T02:48:47.639Z" },
    { url = "https://files.pythonhosted.org/packages/8c/27/749aa12ec03fdcec1e4fa7289145f03ded46e892ae89613e333dd7090a7e/hypothesis-6.165.9-cp311-cp311-manylinux_2_17_aarch64.manylinux2014_aarch64.whl", hash = "sha256:bab95b4ef980cbc2b4632e49057588766cda930ffbd727d70edfea289da98dd3", size = 1108251, upload-time = "2026-08-15T02:47:59.983Z" },
    { url = "https://files.pythonhosted.org/packages/2b/cb/a1c417cd39f87ca11e2b5b4a7da0446ae316b43b9baee23e113a59113759/hypothesis-6.165.9-cp311-cp311-manylinux_2_17_x86_64.manylinux2014_x86_64.whl", hash = "sha256:8795161db0a7c270c4f3e0eb754bd0ed96b17133d6f851c7444f9733c4c9d37f", size = 1157689, upload-time = "2026-08-15T02:49:40.288Z" },
    { url = "https://files.pythonhosted.org/packages/5d/d5/82abf4d3b171f087d323b179a422472e1c1621ed47adf88f0fcdf7be7e35/hypothesis-6.165.9-cp311-cp311-musllinux_1_2_aarch64.whl", hash = "sha256:8c7dcb0a21dab077e65bcb082ee321b7e31402cf980da648b4369c71086ad53c", size = 1283592, upload-time = "2026-08-15T02:48:04.698Z" },
    { url = "https://files.pythonhosted.org/packages/0b/ee/f156d374fd7f49220a789a231cd980ffe53bf1eec11a75306ded76265306/hypothesis-6.165.9-cp311-cp311-musllinux_1_2_x86_64.whl", hash = "sha256:92b264bef7860bf37b5f22b5949083d26f113351da8b99e93adb0554d3e2c110", size = 1324910, upload-time = "2026-08-15T02:48:11.037Z" },
    { url = "https://files.pythonhosted.org/packages/23/57/d14969c84e59356103c0b5e1a27623a4149d5d371799757552b2ec344da2/hypothesis-6.165.9-cp311-cp311-win_amd64.whl", hash = "sha256:ae34d13d8438ea7f3ee18292290b9f608de6070309f3c5826644a88d197c319d", size = 674776, upload-time = "2026-08-15T02:48:59.008Z" },
    { url = "https://files.pythonhosted.org/packages/dc/7e/03a84262b74300714af486e037403db8f5e19170f01bc32605300896b19d/hypothesis-6.165.9-cp312-cp312-macosx_10_12_x86_64.whl", hash = "sha256:41082aff3e438ac1eeb86002c269b9b5d86bab563e911614c2c8d34f405e02db", size = 784696, upload-time = "2026-08-15T02:48:09.314Z" },
    { url = "https://files.pythonhosted.org/packages/49/50/c77dca38074e38e99373ccd5f361bb5ad251e8f2de92dff4d7035111595d/hypothesis-6.165.9-cp312-cp312-macosx_11_0_arm64.whl", hash = "sha256:67a0c0346ac0e8e106fad0224269a87c665768cc8d45de6e367e9b260ef36d5a", size = 776265, upload-time = "2026-08-15T02:49:36.232Z" },
    { url = "https://files.pythonhosted.org/packages/1b/80/9de2e558cd966ab1b1d014718c7aaab7d2d8f2d591ccadb27c1ffe639f6d/hypothesis-6.165.9-cp312-cp312-manylinux_2_17_aarch64.manylinux2014_aarch64.whl", hash = "sha256:10e826a708456c965e125f15dbf5a6f463e41dcf230a930b7a3e0ce7036f5176", size = 1106706, upload-time = "2026-08-15T02:49:12.466Z" },
    { url = "https://files.pythonhosted.org/packages/04/78/dc89684de1a739347b22beadf3e53a64b8b7eef287dfa34b150432e13d4e/hypothesis-6.165.9-cp312-cp312-manylinux_2_17_x86_64.manylinux2014_x86_64.whl", hash = "sha256:fba20d9c60d6b8aec76f32cd22109e1b1f19a9985317255e2b43940d27996097", size = 1156753, upload-time = "2026-08-15T02:48:20.512Z" },
    { url = "https://files.pythonhosted.org/packages/b9/bc/495988f0fc788d33a24849e9ce7303a2c646f48baf3f5f010d9850bcc5a7/hypothesis-6.165.9-cp312-cp312-musllinux_1_2_aarch64.whl", hash = "sha256:6564fb9bbe1760719070a6fd37335fbf43696fe2911c386ba55fb3cbaaafb82a", size = 1280667, upload-time = "2026-08-15T02:48:30.763Z" },
    { url = "https://files.pythonhosted.org/packages/36/08/9758ba15cc7dcb408d2699081ee0acbd96842f9c5778c84fd145d19953ba/hypothesis-6.165.9-cp312-cp312-musllinux_1_2_x86_64.whl", hash = "sha256:126e7bf873892649cc5f697c3b3a6548f077a56ae3601b22fddef2ea1ba6f64d", size = 1324018, upload-time = "2026-08-15T02:48:18.804Z" },
    { url = "https://files.pythonhosted.org/packages/97/09/eaef6ee89a792ea82064cef66726023a5933f8704c0d3dbfc5a451829428/hypothesis-6.165.9-cp312-cp312-win_amd64.whl", hash = "sha256:c908edd69e4308c3cb194f0853aa7dfaa15e905242e81646b9f12881cd2683d3", size = 672207, upload-time = "2026-08-15T02:49:50.121Z" },
    { url = "https://files.pythonhosted.org/packages/d2/1f/99069da612aee3a51519f96f4370c4ba42055b57eae92926353c63e68617/hypothesis-6.165.9-cp313-cp313-macosx_10_12_x86_64.whl", hash = "sha256:11bcdfb14b52d41384cc14ecd3f6d6152735bc2f7af0b9f3fa8685d630a1e98d", size = 784591, upload-time = "2026-08-15T02:48:42.765Z" },
    { url = "https://files.pythonhosted.org/packages/94/10/cabf6a8782253e6b547ea8bdc6a48a9eeab415f1036c749b40ca59df32f8/hypothesis-6.165.9-cp313-cp313-macosx_11_0_arm64.whl", hash = "sha256:8c3d7d54802641c2f8b49f478f153567770d299d639ee38fc0a0fa3d95ee07cb", size = 776216, upload-time = "2026-08-15T02:49:34.179Z" },
    { url = "https://files.pythonhosted.org/packages/15/5f/da966f98d69a8ee4b4fac509d92f7ab18cb4505b8191acc23bbb52f8bb17/hypothesis-6.165.9-cp313-cp313-manylinux_2_17_aarch64.manylinux2014_aarch64.whl", hash = "sha256:b8f5b63a8fba74d19a12ad4abaa95afb7466d66d1adc90ba3026e40b7924452c", size = 1106621, upload-time = "2026-08-15T02:49:08.529Z" },
    { url = "https://files.pythonhosted.org/packages/0a/5d/1fffd1031b4281e53fff02ad7adeda31db8218e91b82e7a98c7957541e76/hypothesis-6.165.9-cp313-cp313-manylinux_2_17_x86_64.manylinux2014_x86_64.whl", hash = "sha256:c01b77160328d8fce22bb5121fe1f5fee36b434a1220603500605b88ab854d7a", size = 1156613, upload-time = "2026-08-15T02:47:45.457Z" },
    { url = "https://files.pythonhosted.org/packages/b1/30/8e93a02016689c0b5cf0c35f8f9199b745601b3db9723296ca6d7366dcd5/hypothesis-6.165.9-cp313-cp313-musllinux_1_2_aarch64.whl", hash = "sha256:88bde76aaab7f8abcd9412d135eaa49e8f7d89d068188fae2768a7803c80df89", size = 1280650, upload-time = "2026-08-15T02:49:44.026Z" },
    { url = "https://files.pythonhosted.org/packages/c0/48/2b0987389f141bd7bccc0785af4af86de9dfe9a6bc1b2b5dc612b083ae8a/hypothesis-6.165.9-cp313-cp313-musllinux_1_2_x86_64.whl", hash = "sha256:0df8f8736d176d3a5092890b6fb9030f9c726d272b52af0e1ce887d62fc21699", size = 1323749, upload-time = "2026-08-15T02:48:12.519Z" },
    { url = "https://files.pythonhosted.org/packages/bb/a2/0a2380fdedfe0e16a09a09401b86bdc1eb049b3b6256fd837424d652c88e/hypothesis-6.165.9-cp313-cp313-win_amd64.whl", hash = "sha256:7fc9f46d88732fc74539ca7748aedc736c5e111431b06bd8ef2534440379aff2", size = 672195, upload-time = "2026-08-15T02:49:02.806Z" },
    { url = "https://files.pythonhosted.org/packages/81/a1/20b63e3d17e05e82ef47b93ea3fa9a823297249ed7953e7e38f1b57a1e91/hypothesis-6.165.9-cp315-abi3.abi3t-macosx_10_12_x86_64.whl", hash = "sha256:5f6b4ae650480368e2477e8f875cdbfe8533a7b2e09f049fe206c48b20174622", size = 782729, upload-time = "2026-08-15T02:49:52.008Z" },
    { url = "https://files.pythonhosted.org/packages/7f/13/b43cea9578820a3e41cd70e8395068a0f07ef11c393ab09ff5aeb5d44d7f/hypothesis-6.165.9-cp315-abi3.abi3t-macosx_11_0_arm64.whl", hash = "sha256:1aaba05b943345d2a448b8c1c795bb191adf842b450bfc7207bdd1bf139a9b58", size = 774415, upload-time = "2026-08-15T02:47:57.162Z" },
    { url = "https://files.pythonhosted.org/packages/ea/08/222a8f2aeb8429b54cd53624add076ae5c9b39b0b170afd2435d0e81a8a9/hypothesis-6.165.9-cp315-abi3.abi3t-manylinux_2_17_aarch64.manylinux2014_aarch64.whl", hash = "sha256:306c1efc0f01f3d5c29c45996e055437971337aa24b6c6735b0514cfb5df60ce", size = 1104761, upload-time = "2026-08-15T02:47:46.841Z" },
    { url = "https://files.pythonhosted.org/packages/68/6b/09943bad5c1c5ea689a1be6376bcb7c68c34f3e3db5b792a1c0bb4edd79c/hypothesis-6.165.9-cp315-abi3.abi3t-manylinux_2_17_armv7l.manylinux2014_armv7l.whl", hash = "sha256:1551df11534d192616dc1b4539b6e526c4704d08b22d2ffb6ea3479ce6b87d94", size = 1133212, upload-time = "2026-08-15T02:47:52.814Z" },
    { url = "https://files.pythonhosted.org/packages/c2/ee/8fa90ca7a7d8b2362f3aaa0b2117405abf7b104fa01b52d5fecc4bb3c3fc/hypothesis-6.165.9-cp315-abi3.abi3t-manylinux_2_17_ppc64le.manylinux2014_ppc64le.whl", hash = "sha256:afd99a069df90c73c15d53e275d11a782fd5f17f5423002868ce9d2438ab567f", size = 1132156, upload-time = "2026-08-15T02:47:58.588Z" },
    { url = "https://files.pythonhosted.org/packages/5f/c3/6dae83eccd7260f5cf3468f145c663ce9b22579a9d9c80e9e7be49bec8b2/hypothesis-6.165.9-cp315-abi3.abi3t-manylinux_2_17_x86_64.manylinux2014_x86_64.whl", hash = "sha256:d8c3e8c45ca5e2e4f519021836e5d86fb2229915c3f92fb50db7bb7364dfb2c1", size = 1155040, upload-time = "2026-08-15T02:49:16.085Z" },
    { url = "https://files.pythonhosted.org/packages/50/90/25eaabe2fecb3af3bcb9b4c3261ba9ffe0e092a3199232adce15399c040b/hypothesis-6.165.9-cp315-abi3.abi3t-manylinux_2_31_riscv64.whl", hash = "sha256:676a3bd04261b7bdd35374a3f4dabd82025fcead110a067a76328799f394a4d0", size = 1109751, upload-time = "2026-08-15T02:50:00.293Z" },
    { url = "https://files.pythonhosted.org/packages/1f/81/e8117e7ed3ff1ef7a36f023469efc925458b52c1243c539566a5308f5d77/hypothesis-6.165.9-cp315-abi3.abi3t-manylinux_2_5_i686.manylinux1_i686.whl", hash = "sha256:a7f51c2297d116c2c025643762269eed0767589b6fc858d8de69d9f80cf33a23", size = 1144793, upload-time = "2026-08-15T02:49:38.317Z" },
    { url = "https://files.pythonhosted.org/packages/c6/6a/da2ea69d1fed780d86895f1ef7f2811240ed810487536ad22298629cc630/hypothesis-6.165.9-cp315-abi3.abi3t-musllinux_1_2_aarch64.whl", hash = "sha256:e500b97f899e375e47b407a48f3450cb1dd44bca757529c0490cb4533d878b30", size = 1278531, upload-time = "2026-08-15T02:48:37.581Z" },
    { url = "https://files.pythonhosted.org/packages/a2/6e/b3b21f15fe9debb9c448b03aaeb725ee007ba68518e55a6810878d7b9765/hypothesis-6.165.9-cp315-abi3.abi3t-musllinux_1_2_armv7l.whl", hash = "sha256:8401f55aba2d51f20b02c42e9e08b7eff2018639bdb1af16a4c279ba7e129c81", size = 1407073, upload-time = "2026-08-15T02:48:41.256Z" },
    { url = "https://files.pythonhosted.org/packages/da/fe/55f8e9c34f2b0a5ccf895a527a499f8562e9a14f014dd018b2535e8aa1c4/hypothesis-6.165.9-cp315-abi3.abi3t-musllinux_1_2_ppc64le.whl", hash = "sha256:34a4591db1dcf6aa544b4f884520ff0f1bc02ac3d11c76f78c73535b6b672272", size = 1261243, upload-time = "2026-08-15T02:49:58.076Z" },
    { url = "https://files.pythonhosted.org/packages/0b/37/49fb2374bff4e66d3d8264d083ddbb83269ec13903b441ebbc0d3c51502a/hypothesis-6.165.9-cp315-abi3.abi3t-musllinux_1_2_riscv64.whl", hash = "sha256:0bd589a011b3d0c4b98d78f467e5a5a6b96bf5be5d15b39ef47e65c225e8d790", size = 1279060, upload-time = "2026-08-15T02:48:54.843Z" },
    { url = "https://files.pythonhosted.org/packages/ec/b7/c826e67f5d553d20644ac3da5d25de7ff9d50a1f41467981b00da7b2ab9b/hypothesis-6.165.9-cp315-abi3.abi3t-musllinux_1_2_x86_64.whl", hash = "sha256:84a93a152ffaf92fa6b3f94d366f4c866e26f3f1b643fcc6da4ee2ddfa038aa9", size = 1322247, upload-time = "2026-08-15T02:47:54.398Z" },
    { url = "https://files.pythonhosted.org/packages/24/ec/e70e440805820cfd662d04d05aa34b5d29e46d5a49ee871d6937721b2c17/hypothesis-6.165.9-cp315-abi3.abi3t-win32.whl", hash = "sha256:4a2081699e0b16b35c7b34cf0ff01997e8fc6038b520b9f29c106764158c411a", size = 665906, upload-time = "2026-08-15T02:49:53.901Z" },
    { url = "https://files.pythonhosted.org/packages/23/79/968b149b572e1d4284b04280cc181449090c8bd03e55b24d57b64443978e/hypothesis-6.165.9-cp315-abi3.abi3t-win_amd64.whl", hash = "sha256:e1d9492193b52087df4d264edd77618869d447b5c7f6a022c7bb11b88d577cb8", size = 671817, upload-time = "2026-08-15T02:49:46.053Z" },
    { url = "https://files.pythonhosted.org/packages/c2/72/0f951d4f0e07720583e4773638cd556d2b6585605f8a3df54d2fecf2e2ff/hypothesis-6.165.9-cp315-abi3.abi3t-win_arm64.whl", hash = "sha256:f67414675f2263948e5a5977b636b5cb1cc5f33b82a9be34f8a6b9a8293d4707", size = 669795, upload-time = "2026-08-15T02:48:03.176Z" },
    { url = "https://files.pythonhosted.org/packages/43/7d/1b6b48629032b22960a5b010a791467670c08d9413a3c6c15a72f7c1da09/hypothesis-6.165.9-pp311-pypy311_pp73-macosx_10_12_x86_64.whl", hash = "sha256:f6caa4194f37a02232ecb964600d17facc23a6aa5b0295008989f31e329eb837", size = 784507, upload-time = "2026-08-15T02:48:45.961Z" },
    { url = "https://files.pythonhosted.org/packages/95/a6/c29939a55cde73886cee7a3975148e132a9ed6881d39b7c9b8c19e3a854b/hypothesis-6.165.9-pp311-pypy311_pp73-macosx_11_0_arm64.whl", hash = "sha256:0a4a32dc8e8728417aa13055903dbf742dd0b5cedda7c2031b4b2a0bcc1d463d", size = 780353, upload-time = "2026-08-15T02:49:14.307Z" },
    { url = "https://files.pythonhosted.org/packages/8c/f9/ac8cd423b1c7506dae01c4a9295c434b53525401a182a116aecaa27332cf/hypothesis-6.165.9-pp311-pypy311_pp73-manylinux_2_17_aarch64.manylinux2014_aarch64.whl", hash = "sha256:2f255b389364f71e6e9305ba99bf13733354cb0dc4a97d07db8aef76278a345e", size = 1109224, upload-time = "2026-08-15T02:48:15.557Z" },
    { url = "https://files.pythonhosted.org/packages/f2/26/64c4dfa2836ec421e35a167a3fba92018950a8c7551a268a5fc799329455/hypothesis-6.165.9-pp311-pypy311_pp73-manylinux_2_17_x86_64.manylinux2014_x86_64.whl", hash = "sha256:0c7f0507d8224e5b44c2651d7ef8df15ac6d38eb56c98e7f451c3090804ce109", size = 1158929, upload-time = "2026-08-15T02:49:21.922Z" },
    { url = "https://files.pythonhosted.org/packages/88/8e/fccbea8a0a03532762fdd56d3809fd8398f46af1ec9018f694d4ec5c22cf/hypothesis-6.165.9-pp311-pypy311_pp73-win_amd64.whl", hash = "sha256:fd9e242fabb05715ec2d3b9b96dcddf683fc3891a04b6685b79e400e35ccbe18", size = 675885, upload-time = "2026-08-15T02:47:50.986Z" },
]

[[package]]
name = "iniconfig"
version = "2.3.0"
source = { registry = "https://pypi.org/simple" }
sdist = { url = "https://files.pythonhosted.org/packages/72/34/14ca021ce8e5dfedc35312d08ba8bf51fdd999c576889fc2c24cb97f4f10/iniconfig-2.3.0.tar.gz", hash = "sha256:c76315c77db068650d49c5b56314774a7804df16fee4402c1f19d6d15d8c4730", size = 20503, upload-time = "2025-10-18T21:55:43.219Z" }
wheels = [
    { url = "https://files.pythonhosted.org/packages/cb/b1/3846dd7f199d53cb17f49cba7e651e9ce294d8497c8c150530ed11865bb8/iniconfig-2.3.0-py3-none-any.whl", hash = "sha256:f631c04d2c48c52b84d0d0549c99ff3859c98df65b3101406327ecc7d53fbf12", size = 7484, upload-time = "2025-10-18T21:55:41.639Z" },
]

[[package]]
name = "jsonschema"
version = "4.26.0"
source = { registry = "https://pypi.org/simple" }
dependencies = [
    { name = "attrs" },
    { name = "jsonschema-specifications" },
    { name = "referencing" },
    { name = "rpds-py" },
]
sdist = { url = "https://files.pythonhosted.org/packages/b3/fc/e067678238fa451312d4c62bf6e6cf5ec56375422aee02f9cb5f909b3047/jsonschema-4.26.0.tar.gz", hash = "sha256:0c26707e2efad8aa1bfc5b7ce170f3fccc2e4918ff85989ba9ffa9facb2be326", size = 366583, upload-time = "2026-01-07T13:41:07.246Z" }
wheels = [
    { url = "https://files.pythonhosted.org/packages/69/90/f63fb5873511e014207a475e2bb4e8b2e570d655b00ac19a9a0ca0a385ee/jsonschema-4.26.0-py3-none-any.whl", hash = "sha256:d489f15263b8d200f8387e64b4c3a75f06629559fb73deb8fdfb525f2dab50ce", size = 90630, upload-time = "2026-01-07T13:41:05.306Z" },
]

[[package]]
name = "jsonschema-specifications"
version = "2025.9.1"
source = { registry = "https://pypi.org/simple" }
dependencies = [
    { name = "referencing" },
]
sdist = { url = "https://files.pythonhosted.org/packages/19/74/a633ee74eb36c44aa6d1095e7cc5569bebf04342ee146178e2d36600708b/jsonschema_specifications-2025.9.1.tar.gz", hash = "sha256:b540987f239e745613c7a9176f3edb72b832a4ac465cf02712288397832b5e8d", size = 32855, upload-time = "2025-09-08T01:34:59.186Z" }
wheels = [
    { url = "https://files.pythonhosted.org/packages/41/45/1a4ed80516f02155c51f51e8cedb3c1902296743db0bbc66608a0db2814f/jsonschema_specifications-2025.9.1-py3-none-any.whl", hash = "sha256:98802fee3a11ee76ecaca44429fda8a41bff98b00a0f2838151b113f210cc6fe", size = 18437, upload-time = "2025-09-08T01:34:57.871Z" },
]

[[package]]
name = "packaging"
version = "26.3"
source = { registry = "https://pypi.org/simple" }
sdist = { url = "https://files.pythonhosted.org/packages/7d/fa/3944b40b07da9ce895c0e6303a5ab7d53da063554f534556b134a54d6093/packaging-26.3.tar.gz", hash = "sha256:94edc256424af38762eb31306eed28beb9f0efc50a8837492c9d6fd6004aed79", size = 313412, upload-time = "2026-08-04T18:15:28.737Z" }
wheels = [
    { url = "https://files.pythonhosted.org/packages/63/34/ba1c580383c9eada3711951fef0795c80b829a078d72188184bcab9dd527/packaging-26.3-py3-none-any.whl", hash = "sha256:d7193f7c8e4e93f444fde0262bf90af30e16fa0ad0ad44cb553c87339b23cd1c", size = 129956, upload-time = "2026-08-04T18:15:27.159Z" },
]

[[package]]
name = "pluggy"
version = "1.6.0"
source = { registry = "https://pypi.org/simple" }
sdist = { url = "https://files.pythonhosted.org/packages/f9/e2/3e91f31a7d2b083fe6ef3fa267035b518369d9511ffab804f839851d2779/pluggy-1.6.0.tar.gz", hash = "sha256:7dcc130b76258d33b90f61b658791dede3486c3e6bfb003ee5c9bfb396dd22f3", size = 69412, upload-time = "2025-05-15T12:30:07.975Z" }
wheels = [
    { url = "https://files.pythonhosted.org/packages/54/20/4d324d65cc6d9205fabedc306948156824eb9f0ee1633355a8f7ec5c66bf/pluggy-1.6.0-py3-none-any.whl", hash = "sha256:e920276dd6813095e9377c0bc5566d94c932c33b27a3e3945d8389c374dd4746", size = 20538, upload-time = "2025-05-15T12:30:06.134Z" },
]

[[package]]
name = "pygments"
version = "2.20.0"
source = { registry = "https://pypi.org/simple" }
sdist = { url = "https://files.pythonhosted.org/packages/c3/b2/bc9c9196916376152d655522fdcebac55e66de6603a76a02bca1b6414f6c/pygments-2.20.0.tar.gz", hash = "sha256:6757cd03768053ff99f3039c1a36d6c0aa0b263438fcab17520b30a303a82b5f", size = 4955991, upload-time = "2026-03-29T13:29:33.898Z" }
wheels = [
    { url = "https://files.pythonhosted.org/packages/f4/7e/a72dd26f3b0f4f2bf1dd8923c85f7ceb43172af56d63c7383eb62b332364/pygments-2.20.0-py3-none-any.whl", hash = "sha256:81a9e26dd42fd28a23a2d169d86d7ac03b46e2f8b59ed4698fb4785f946d0176", size = 1231151, upload-time = "2026-03-29T13:29:30.038Z" },
]

[[package]]
name = "pytest"
version = "8.4.2"
source = { registry = "https://pypi.org/simple" }
dependencies = [
    { name = "colorama", marker = "sys_platform == 'win32'" },
    { name = "iniconfig" },
    { name = "packaging" },
    { name = "pluggy" },
    { name = "pygments" },
]
sdist = { url = "https://files.pythonhosted.org/packages/a3/5c/00a0e072241553e1a7496d638deababa67c5058571567b92a7eaa258397c/pytest-8.4.2.tar.gz", hash = "sha256:86c0d0b93306b961d58d62a4db4879f27fe25513d4b969df351abdddb3c30e01", size = 1519618, upload-time = "2025-09-04T14:34:22.711Z" }
wheels = [
    { url = "https://files.pythonhosted.org/packages/a8/a4/20da314d277121d6534b3a980b29035dcd51e6744bd79075a6ce8fa4eb8d/pytest-8.4.2-py3-none-any.whl", hash = "sha256:872f880de3fc3a5bdc88a11b39c9710c3497a547cfa9320bc3c5e62fbf272e79", size = 365750, upload-time = "2025-09-04T14:34:20.226Z" },
]

[[package]]
name = "referencing"
version = "0.37.0"
source = { registry = "https://pypi.org/simple" }
dependencies = [
    { name = "attrs" },
    { name = "rpds-py" },
    { name = "typing-extensions", marker = "python_full_version < '3.13'" },
]
sdist = { url = "https://files.pythonhosted.org/packages/22/f5/df4e9027acead3ecc63e50fe1e36aca1523e1719559c499951bb4b53188f/referencing-0.37.0.tar.gz", hash = "sha256:44aefc3142c5b842538163acb373e24cce6632bd54bdb01b21ad5863489f50d8", size = 78036, upload-time = "2025-10-13T15:30:48.871Z" }
wheels = [
    { url = "https://files.pythonhosted.org/packages/2c/58/ca301544e1fa93ed4f80d724bf5b194f6e4b945841c5bfd555878eea9fcb/referencing-0.37.0-py3-none-any.whl", hash = "sha256:381329a9f99628c9069361716891d34ad94af76e461dcb0335825aecc7692231", size = 26766, upload-time = "2025-10-13T15:30:47.625Z" },
]

[[package]]
name = "rfc8785"
version = "0.1.4"
source = { registry = "https://pypi.org/simple" }
sdist = { url = "https://files.pythonhosted.org/packages/ef/2f/fa1d2e740c490191b572d33dbca5daa180cb423c24396b856f5886371d8b/rfc8785-0.1.4.tar.gz", hash = "sha256:e545841329fe0eee4f6a3b44e7034343100c12b4ec566dc06ca9735681deb4da", size = 14321, upload-time = "2024-09-27T16:33:31.206Z" }
wheels = [
    { url = "https://files.pythonhosted.org/packages/4d/78/119878110660b2ad709888c8a1614fce7e2fab39080ab960656dc8605bf6/rfc8785-0.1.4-py3-none-any.whl", hash = "sha256:520d690b448ecf0703691c76e1a34a24ddcd4fc5bc41d589cb7c58ec651bcd48", size = 9240, upload-time = "2024-09-27T16:33:29.683Z" },
]

[[package]]
name = "rpds-py"
version = "2026.6.3"
source = { registry = "https://pypi.org/simple" }
sdist = { url = "https://files.pythonhosted.org/packages/aa/2a/9618a122aeb2a169a28b03889a2995fe297588964333d4a7d67bdf46e147/rpds_py-2026.6.3.tar.gz", hash = "sha256:1cebd1337c242e4ec2293e541f712b2da849b29f48f0c293684b71c0632625d4", size = 64051, upload-time = "2026-06-30T07:17:53.009Z" }
wheels = [
    { url = "https://files.pythonhosted.org/packages/94/1f/a2dca5ffdbf1d475ffc4e80e4d5d720ff3a00f691795910116960ee12511/rpds_py-2026.6.3-cp311-cp311-macosx_10_12_x86_64.whl", hash = "sha256:7b689145a1485c335569bd056464f3243a29af7ed3871c7be31ad624ba239bc7", size = 342174, upload-time = "2026-06-30T07:14:54.821Z" },
    { url = "https://files.pythonhosted.org/packages/4d/dc/323d08583c0832911768663d1944f0107fcd4088704858d84b5e06d105a0/rpds_py-2026.6.3-cp311-cp311-macosx_11_0_arm64.whl", hash = "sha256:db08f45aecde626498fb3df07bcf6d2ec040af42e859a4f5040d79c200342911", size = 345513, upload-time = "2026-06-30T07:14:56.515Z" },
    { url = "https://files.pythonhosted.org/packages/0b/2a/e31989834d18d2f26ec1d2774c5b1eb3331df4ea8ada525175294c94b48a/rpds_py-2026.6.3-cp311-cp311-manylinux_2_17_aarch64.manylinux2014_aarch64.whl", hash = "sha256:acc992ab27b15f852c76755eb2ab7dce86585ddadba6fa5946e58556088845b4", size = 373783, upload-time = "2026-06-30T07:14:57.736Z" },
    { url = "https://files.pythonhosted.org/packages/87/fe/e80107ee3639585c9941c17d6a42cd65325022f656c023191fce78c324c8/rpds_py-2026.6.3-cp311-cp311-manylinux_2_17_armv7l.manylinux2014_armv7l.whl", hash = "sha256:7f88d653e7b3b779d71ae7454e20dcc9b6bae903f33c269db9f2be41bda3f261", size = 378316, upload-time = "2026-06-30T07:14:59.077Z" },
    { url = "https://files.pythonhosted.org/packages/22/6f/81e3adf81acfb6fa694de2a6e4e7d8863121e3e0799e0a7725e6cf5679c4/rpds_py-2026.6.3-cp311-cp311-manylinux_2_17_ppc64le.manylinux2014_ppc64le.whl", hash = "sha256:e52655eaf81e32593abedaa4bfe33170c8cfedf3365ed9be6e11e07f148f0278", size = 499423, upload-time = "2026-06-30T07:15:00.488Z" },
    { url = "https://files.pythonhosted.org/packages/2d/9a/41263969df0ce3d9af2a96d5005a288200af1989aed3354bfceb5fc0b21f/rpds_py-2026.6.3-cp311-cp311-manylinux_2_17_s390x.manylinux2014_s390x.whl", hash = "sha256:dfcc8b909769d19db55c7cc9541eb64b9b774b1057ffffb4f1048070475bb9f9", size = 386077, upload-time = "2026-06-30T07:15:01.911Z" },
    { url = "https://files.pythonhosted.org/packages/5e/19/7e98f468bd50346faff5b10e5297374b443bfdddacc8e9fbc65984539597/rpds_py-2026.6.3-cp311-cp311-manylinux_2_17_x86_64.manylinux2014_x86_64.whl", hash = "sha256:9c1255b302953c86a486b81d330d5ee1d5bd937691ce271b6be0ef0e299eaab7", size = 371315, upload-time = "2026-06-30T07:15:03.317Z" },
    { url = "https://files.pythonhosted.org/packages/99/3c/2b973b4d371906a134b03decfea7f5d9835a2c6d263454392e15b64b5b18/rpds_py-2026.6.3-cp311-cp311-manylinux_2_31_riscv64.whl", hash = "sha256:8d2294a31386bfa251d8c8a39472beee17db67d4f1a6eabea665d35c9a4461c3", size = 383502, upload-time = "2026-06-30T07:15:04.627Z" },
    { url = "https://files.pythonhosted.org/packages/98/2a/12e2799500af0a307bca76b63361c51f9fe479223561489c29eea1f2ee41/rpds_py-2026.6.3-cp311-cp311-manylinux_2_5_i686.manylinux1_i686.whl", hash = "sha256:f8f23ead891a3b762f35ab3b04623da7056545b48aa60d59957e6789914545da", size = 402673, upload-time = "2026-06-30T07:15:05.856Z" },
    { url = "https://files.pythonhosted.org/packages/2d/e3/21e5872d165fe08be4f229e3d5ee9d90019c0bf0e5538de60dbd54009450/rpds_py-2026.6.3-cp311-cp311-musllinux_1_2_aarch64.whl", hash = "sha256:421aba32367055614287a4292b6a17f1939c9452299f7a0209c117e990b646d4", size = 549964, upload-time = "2026-06-30T07:15:07.159Z" },
    { url = "https://files.pythonhosted.org/packages/1a/d0/5ee0fe36844297de8123bee27bc12078c1a7416ad9f1b8a8ca18d6b0c0ac/rpds_py-2026.6.3-cp311-cp311-musllinux_1_2_i686.whl", hash = "sha256:1e5822dfc2f0d4ab7e745eaa6d85945069329beeccef965af3f3bb26058fcab6", size = 615446, upload-time = "2026-06-30T07:15:08.531Z" },
    { url = "https://files.pythonhosted.org/packages/b1/80/1ea5873cb683f2fbe5f21b23ea1f6d179ead19f3c5b249b7eb5dca568ef2/rpds_py-2026.6.3-cp311-cp311-musllinux_1_2_x86_64.whl", hash = "sha256:83e35b57523816c8613fd0776b40cd8bb9f596b37ddd2692eb4a6bb5ab2f8c93", size = 576975, upload-time = "2026-06-30T07:15:09.97Z" },
    { url = "https://files.pythonhosted.org/packages/c9/e1/90ef639217a5ddb15b7f4f61b1c33911fd044ad03c311bafdd2bcab85582/rpds_py-2026.6.3-cp311-cp311-win32.whl", hash = "sha256:de3eceba0b683bcbb1ab93da016d0270df1f9ae7be716b40214c5dafac6ea45a", size = 204453, upload-time = "2026-06-30T07:15:11.324Z" },
    { url = "https://files.pythonhosted.org/packages/f2/b7/b7a1695d7af36f521fb11e80d6d3adbd744f73b921859bd3c2a2c0dc706f/rpds_py-2026.6.3-cp311-cp311-win_amd64.whl", hash = "sha256:2c54a076ca4d370980ab57bc0e31df57bbe8d41340436a90ef8b1219a3cbb127", size = 223219, upload-time = "2026-06-30T07:15:12.476Z" },
    { url = "https://files.pythonhosted.org/packages/d7/a2/145afacf796e4506062825941176ad9445c2dcf2b3b6a1f13d3030a15e19/rpds_py-2026.6.3-cp311-cp311-win_arm64.whl", hash = "sha256:168c733a7112e071bb7a66460e667edfcff06c017a3c523f7a8a8e08d0140804", size = 219137, upload-time = "2026-06-30T07:15:13.631Z" },
    { url = "https://files.pythonhosted.org/packages/5c/be/2e8974163072e7bab7df1a5acd54c4498e75e35d6d18b864d3a9d5dadc92/rpds_py-2026.6.3-cp312-cp312-macosx_10_12_x86_64.whl", hash = "sha256:a0811d33247c3d6128a3001d763f2aa056bb3425204335400ac54f89eec3a0d0", size = 343691, upload-time = "2026-06-30T07:15:14.96Z" },
    { url = "https://files.pythonhosted.org/packages/a4/73/319dfa745dd668efe89309141ded489126461fcecd2b8f3a3cda185129b6/rpds_py-2026.6.3-cp312-cp312-macosx_11_0_arm64.whl", hash = "sha256:538949e262e46caa31ac01bdb3c1e8f642622922cacbabbae6a8445d9dc33eaf", size = 338542, upload-time = "2026-06-30T07:15:16.267Z" },
    { url = "https://files.pythonhosted.org/packages/21/63/4239893be1c4d09b709b1a8f6be4188f0870084ff547f46606b8a75f1b03/rpds_py-2026.6.3-cp312-cp312-manylinux_2_17_aarch64.manylinux2014_aarch64.whl", hash = "sha256:55927d532399c2c646100ff7feb48eaa940ad70f42cd68e1328f3ded9f81ca24", size = 368180, upload-time = "2026-06-30T07:15:17.62Z" },
    { url = "https://files.pythonhosted.org/packages/1c/ca/9c5de382225234ceb37b1844ebdb140db12b2a278bb9efe2fcd19f6c82ce/rpds_py-2026.6.3-cp312-cp312-manylinux_2_17_armv7l.manylinux2014_armv7l.whl", hash = "sha256:f56f1695bc5c0871cbc33dc0130fcf503aab0c57dcc5a6700a4f49eba4f2652e", size = 375067, upload-time = "2026-06-30T07:15:18.952Z" },
    { url = "https://files.pythonhosted.org/packages/87/dc/863f69d1bf04ade34b7fe0d59b9fdf6f0135fe2d7cbca74f1d665589559d/rpds_py-2026.6.3-cp312-cp312-manylinux_2_17_ppc64le.manylinux2014_ppc64le.whl", hash = "sha256:270b293dae9058fc9fcedab50f13cebf46fb8ed1d1d54e0521a9da5d6b211975", size = 490509, upload-time = "2026-06-30T07:15:20.434Z" },
    { url = "https://files.pythonhosted.org/packages/ce/ef/eac16a12048b45ec7c7fa94f2be3438a5f26bf9cc8580b18a1cfd609b7f6/rpds_py-2026.6.3-cp312-cp312-manylinux_2_17_s390x.manylinux2014_s390x.whl", hash = "sha256:127565fead0a10943b282957bd5447804ff3160ad79f2ad2635e6d249e380680", size = 382754, upload-time = "2026-06-30T07:15:21.831Z" },
    { url = "https://files.pythonhosted.org/packages/04/8f/d2f3f532616be4d06c316ef119683e832bd3d41e112bf3a88f4151c95b17/rpds_py-2026.6.3-cp312-cp312-manylinux_2_17_x86_64.manylinux2014_x86_64.whl", hash = "sha256:ecabd69db66de867690f9797f2f8fa27ba501bbc24540cbdbdc649cd15888ba6", size = 366189, upload-time = "2026-06-30T07:15:23.371Z" },
    { url = "https://files.pythonhosted.org/packages/e3/29/41a7b0e98a4b44cd676ab7598419623373eb43b20be68c084935c1a8cf88/rpds_py-2026.6.3-cp312-cp312-manylinux_2_31_riscv64.whl", hash = "sha256:58eadac9cd119677b60e1cf8ac4052f35949d71b8a9e5556efccbe82533cf22a", size = 377750, upload-time = "2026-06-30T07:15:24.659Z" },
    { url = "https://files.pythonhosted.org/packages/2e/05/ecda0bec46f9a1565090bcdc941d023f6a25aff85fda28f89f8d19878152/rpds_py-2026.6.3-cp312-cp312-manylinux_2_5_i686.manylinux1_i686.whl", hash = "sha256:7491ee23305ac3eb59e492b6945881f5cd77a6f731061a3f25b77fd40f9e99a4", size = 395576, upload-time = "2026-06-30T07:15:25.987Z" },
    { url = "https://files.pythonhosted.org/packages/68/a8/6ed52f03ee6cb854ce78785cc9a9a672eb880e83fd7224d471f667d151f1/rpds_py-2026.6.3-cp312-cp312-musllinux_1_2_aarch64.whl", hash = "sha256:2c99f7e8ccb3dd6e3e4bfeac657a7b208c9bac8075f4b078c02d7404c34107fa", size = 543807, upload-time = "2026-06-30T07:15:27.356Z" },
    { url = "https://files.pythonhosted.org/packages/8f/d6/156c0d3eea27ba09b92562ba2364ba124c0a061b199e17eac637cd25a5e2/rpds_py-2026.6.3-cp312-cp312-musllinux_1_2_i686.whl", hash = "sha256:62698275682bf121181861295c9181e789030a2d516071f5b8f3c23c170cd0fc", size = 611187, upload-time = "2026-06-30T07:15:28.931Z" },
    { url = "https://files.pythonhosted.org/packages/f1/31/774212ed989c62f7f310220089f9b0a3fb8f40f5443d1727abd5d9f52bc9/rpds_py-2026.6.3-cp312-cp312-musllinux_1_2_x86_64.whl", hash = "sha256:a214c993455f99a89aaeadc9b21241900037adc9d97203e374d75513c5911822", size = 573030, upload-time = "2026-06-30T07:15:30.553Z" },
    { url = "https://files.pythonhosted.org/packages/c9/50/22f73127a41f1ce4f87fe39aadfb9a126345801c274aa93ae88456249327/rpds_py-2026.6.3-cp312-cp312-win32.whl", hash = "sha256:501f9f04a588d6a09179368c57071301445191767c64e4b52a6aa9871f1ef5ed", size = 202185, upload-time = "2026-06-30T07:15:32.027Z" },
    { url = "https://files.pythonhosted.org/packages/04/3a/f0ee4d4dde9d3b69dedf1b5f74e7a40017046d55052d173e418c6a94f960/rpds_py-2026.6.3-cp312-cp312-win_amd64.whl", hash = "sha256:2c958bf94822e9290a40aaf2a822d4bc5c88099093e3948ad6c571eca9272e5f", size = 220394, upload-time = "2026-06-30T07:15:33.359Z" },
    { url = "https://files.pythonhosted.org/packages/f3/83/3382fe37f809b59f02aac04dbc4e765b480b46ee0227ed516e3bdc4d3dfc/rpds_py-2026.6.3-cp312-cp312-win_arm64.whl", hash = "sha256:22bffe6042b9bcb0822bcd1955ec00e245daf17b4344e4ed8e9551b976b63e96", size = 215753, upload-time = "2026-06-30T07:15:34.778Z" },
    { url = "https://files.pythonhosted.org/packages/a4/9e/b818ee580026ec578138e961027a68820c40afeb1ec8f6819b54fb99e196/rpds_py-2026.6.3-cp313-cp313-macosx_10_12_x86_64.whl", hash = "sha256:3cfe765c1da0072636ca06628261e0ea05688e160d5c8a03e0217c3854037223", size = 343012, upload-time = "2026-06-30T07:15:36.005Z" },
    { url = "https://files.pythonhosted.org/packages/f3/6b/686d9dc4359a8f163cfbbf89ee0b4e586431de22fe8248edb63a8cf50d49/rpds_py-2026.6.3-cp313-cp313-macosx_11_0_arm64.whl", hash = "sha256:f4d78253f6996be4901669ad25319f842f740eccf4d58e3c7f3dd39e6dde1d8f", size = 338203, upload-time = "2026-06-30T07:15:37.462Z" },
    { url = "https://files.pythonhosted.org/packages/9e/9b/069aa329940f8207615e091f5eedbbd40e1e15eac68a0790fd05ccdf796c/rpds_py-2026.6.3-cp313-cp313-manylinux_2_17_aarch64.manylinux2014_aarch64.whl", hash = "sha256:54f45a148e28767bf343d33a684693c70e451c6f4c0e9904709a723fafbdfc1f", size = 367984, upload-time = "2026-06-30T07:15:39.008Z" },
    { url = "https://files.pythonhosted.org/packages/14/db/34c203e4becff3703e4d3bc121842c00b8689197f398161203a880052f4e/rpds_py-2026.6.3-cp313-cp313-manylinux_2_17_armv7l.manylinux2014_armv7l.whl", hash = "sha256:842e7b070435622248c7a2c44ae53fa1440e073cc3023bc919fed570884097a7", size = 374815, upload-time = "2026-06-30T07:15:40.253Z" },
    { url = "https://files.pythonhosted.org/packages/ee/7d/8071067d2cc453d916ad836e828c943f575e8a44612537759002a1e07381/rpds_py-2026.6.3-cp313-cp313-manylinux_2_17_ppc64le.manylinux2014_ppc64le.whl", hash = "sha256:8020133a74bd81b4572dd8e4be028a6b1ebcd70e6726edc3918008c08bee6ee6", size = 490545, upload-time = "2026-06-30T07:15:41.729Z" },
    { url = "https://files.pythonhosted.org/packages/a3/42/da06c5aa8f0484ff07f270787434204d9f4535e2f8c3b51ed402267e63c3/rpds_py-2026.6.3-cp313-cp313-manylinux_2_17_s390x.manylinux2014_s390x.whl", hash = "sha256:cdc7e35386f3847df728fbcb5e887e2d79c19e2fa1eba9e51b6621d23e3243af", size = 382828, upload-time = "2026-06-30T07:15:43.327Z" },
    { url = "https://files.pythonhosted.org/packages/57/d7/fe978efc2ae50abe48eb7464668ea99f53c010c60aeebb7b35ad27f23661/rpds_py-2026.6.3-cp313-cp313-manylinux_2_17_x86_64.manylinux2014_x86_64.whl", hash = "sha256:acac386b453c2516111b50985d60ce46e7fadb5ea71ae7b25f4c946935bf27cf", size = 365678, upload-time = "2026-06-30T07:15:44.992Z" },
    { url = "https://files.pythonhosted.org/packages/69/9d/1d8922e1990b2a6eb532b6ff53d3e73d2b3bbffc84116c75826bee73dfc6/rpds_py-2026.6.3-cp313-cp313-manylinux_2_31_riscv64.whl", hash = "sha256:425560c6fa0415f27261727bb20bd097568485e5eb0c121f1949417d1c516885", size = 377811, upload-time = "2026-06-30T07:15:46.523Z" },
    { url = "https://files.pythonhosted.org/packages/b1/3d/198dceafb4fb034a6a47347e1b0735d34e0bd4a50be4e898d408ee66cb14/rpds_py-2026.6.3-cp313-cp313-manylinux_2_5_i686.manylinux1_i686.whl", hash = "sha256:a550fb4950a06dde3beb4721f5ad4b25bf4513784665b0a8522c792e2bd822a4", size = 395382, upload-time = "2026-06-30T07:15:47.955Z" },
    { url = "https://files.pythonhosted.org/packages/1f/f1/13968e49655d40b6b19d8b9140296bbc6f1d86b3f0f6c346cf9f1adddf4b/rpds_py-2026.6.3-cp313-cp313-musllinux_1_2_aarch64.whl", hash = "sha256:4f4bca01b63096f606e095734dd56e74e175f94cfbf24ff3d63281cec61f7bb7", size = 543832, upload-time = "2026-06-30T07:15:49.33Z" },
    { url = "https://files.pythonhosted.org/packages/ac/ab/289bcb1b90bd3e40a2900c561fa0e2087345ecbb094f0b870f2345142b7c/rpds_py-2026.6.3-cp313-cp313-musllinux_1_2_i686.whl", hash = "sha256:ccffae9a092a00deb7efd545fe5e2c33c33b88e7c054337e9a74c179347d0b7d", size = 611011, upload-time = "2026-06-30T07:15:50.847Z" },
    { url = "https://files.pythonhosted.org/packages/1e/16/5043105e679436ccfbc8e5e0dd2d663ed18a8b8113515fd06a5e5d77c83e/rpds_py-2026.6.3-cp313-cp313-musllinux_1_2_x86_64.whl", hash = "sha256:1cf01971c4f2c5553b772a542e4aaf191789cd331bc2cd4ff0e6e65ba49e1e97", size = 572431, upload-time = "2026-06-30T07:15:52.394Z" },
    { url = "https://files.pythonhosted.org/packages/85/ed/adab103321c0a6565d5ae1c2998349bc3ee175b82ccc5ae8fc04cc413075/rpds_py-2026.6.3-cp313-cp313-win32.whl", hash = "sha256:8c3d1e9c15b9d51ca0391e13da1a25a0a4df3c58a37c9dc368e0736cf7f69df0", size = 201710, upload-time = "2026-06-30T07:15:53.894Z" },
    { url = "https://files.pythonhosted.org/packages/7b/ed/a03b09668e74e5dabbf2e211f6468e1820c0552f7b0500082da31841bf7b/rpds_py-2026.6.3-cp313-cp313-win_amd64.whl", hash = "sha256:9250a9a0a6fd4648b3f868da8d91a4c52b5811a62df58e753d50ae4454a36f80", size = 219454, upload-time = "2026-06-30T07:15:55.25Z" },
    { url = "https://files.pythonhosted.org/packages/27/17/b8642c12930b71bc2b25831f6708ccf0f75abcd11883932ec9ce54ba3a78/rpds_py-2026.6.3-cp313-cp313-win_arm64.whl", hash = "sha256:900a67df3fd1660b035a4761c4ce73c382ea6b35f90f9863c36c6fd8bf8b09bb", size = 215063, upload-time = "2026-06-30T07:15:56.573Z" },
    { url = "https://files.pythonhosted.org/packages/b4/9c/f0d19ac587fd0e4ab6b72cda355e9c5a6166b01ef7e064e437aef8eb9fef/rpds_py-2026.6.3-pp311-pypy311_pp73-macosx_10_12_x86_64.whl", hash = "sha256:4cf2d36a2357e4d07bb5a4f98801265327b48256867816cfd2ceb001e9754a8f", size = 349791, upload-time = "2026-06-30T07:17:33.315Z" },
    { url = "https://files.pythonhosted.org/packages/38/c7/1d49d204c9fd2ee6c537601dc4c1ba921e03363ca576bfab94a00254ac9a/rpds_py-2026.6.3-pp311-pypy311_pp73-macosx_11_0_arm64.whl", hash = "sha256:30c6dc199b24a5e3e81d50da0f00858c5bbdb2617a750395687f4339c5818171", size = 352842, upload-time = "2026-06-30T07:17:34.897Z" },
    { url = "https://files.pythonhosted.org/packages/ac/e5/c0b5dc93cd0d4c06ce1f438907649514e2ea077bcd911e3154a51e96c38e/rpds_py-2026.6.3-pp311-pypy311_pp73-manylinux_2_17_aarch64.manylinux2014_aarch64.whl", hash = "sha256:9891e594296ab9dada6551c8e7b387b2721f27a67eecd528412e8906247a7b90", size = 382094, upload-time = "2026-06-30T07:17:36.514Z" },
    { url = "https://files.pythonhosted.org/packages/0d/54/ec0e907b4ca8d541112db352409bd15f871c9b243e0c92c9b5a46ae96f01/rpds_py-2026.6.3-pp311-pypy311_pp73-manylinux_2_17_armv7l.manylinux2014_armv7l.whl", hash = "sha256:b5c2dc92304aa48a4a60443b548bb12f12e119d4b72f314015e67b9e1be97fca", size = 388662, upload-time = "2026-06-30T07:17:38.235Z" },
    { url = "https://files.pythonhosted.org/packages/d3/f4/921c22a4fd0f1c1ac13a3996ffbf0aa67951e2c8ad0d1d9574938a2932e8/rpds_py-2026.6.3-pp311-pypy311_pp73-manylinux_2_17_ppc64le.manylinux2014_ppc64le.whl", hash = "sha256:127e08c0642d880cf32ca47ec2a4a77b901f7e2dd1ad9762adb13955d72ffcc9", size = 504896, upload-time = "2026-06-30T07:17:39.689Z" },
    { url = "https://files.pythonhosted.org/packages/0b/1b/a114b972cefa1ab1cdb3c7bb177cd3844a12826c507c722d3a73516dbbaf/rpds_py-2026.6.3-pp311-pypy311_pp73-manylinux_2_17_s390x.manylinux2014_s390x.whl", hash = "sha256:8bb68f03f395eb793220b45c097bd4d8c32944393da0fad8b999efac0868fc8c", size = 391545, upload-time = "2026-06-30T07:17:41.336Z" },
    { url = "https://files.pythonhosted.org/packages/4e/98/af9b3db77d47fcbe6c8c1f36e2c2147ec70292819e99c325f871584a1c11/rpds_py-2026.6.3-pp311-pypy311_pp73-manylinux_2_17_x86_64.manylinux2014_x86_64.whl", hash = "sha256:a3450b693fde92133e9f51060568a4c31fcca76d5e53bbd611e689ca446517e9", size = 380059, upload-time = "2026-06-30T07:17:42.857Z" },
    { url = "https://files.pythonhosted.org/packages/c9/ba/0efd8668b97c1d26a61566386c636a7a7a09829e474fdf807caa15a2c844/rpds_py-2026.6.3-pp311-pypy311_pp73-manylinux_2_31_riscv64.whl", hash = "sha256:5e8d07bddee435a2ff6f1920e18feff28d0bc4533e42f4bf6927fbd073312c41", size = 393235, upload-time = "2026-06-30T07:17:44.637Z" },
    { url = "https://files.pythonhosted.org/packages/62/90/8c139ee9690f73b0829f32647de6f40d826f8f443af6fa72644f96351aac/rpds_py-2026.6.3-pp311-pypy311_pp73-manylinux_2_5_i686.manylinux1_i686.whl", hash = "sha256:3a83ae6c67b7676b9878378547ca8e93ed77a580037bcbcd1d32f739e1e6089c", size = 413008, upload-time = "2026-06-30T07:17:46.225Z" },
    { url = "https://files.pythonhosted.org/packages/9c/97/0043896fdd7828ce09a1d9a8b06433714d0960fc4ff3fc4aa72b666b764e/rpds_py-2026.6.3-pp311-pypy311_pp73-musllinux_1_2_aarch64.whl", hash = "sha256:2bfd04c19ddbd6640de0b51894d764bd2758854d5b75bd102d2ef10cb9c293a9", size = 558118, upload-time = "2026-06-30T07:17:47.759Z" },
    { url = "https://files.pythonhosted.org/packages/f6/40/02355f0e134f783a8f9814c4680a1bd311d37671577a5964ea838573ff37/rpds_py-2026.6.3-pp311-pypy311_pp73-musllinux_1_2_i686.whl", hash = "sha256:ca6546b66be9dc4738b1b043d5ebd5488c66c578c5ff0fd0e8065313fe3afb76", size = 623138, upload-time = "2026-06-30T07:17:49.355Z" },
    { url = "https://files.pythonhosted.org/packages/10/85/48f0abdcef5cce4e034c7a5b0ceeceba0b01bf0d942824f4bb720afe2dec/rpds_py-2026.6.3-pp311-pypy311_pp73-musllinux_1_2_x86_64.whl", hash = "sha256:8e65860d238379ed982fd9ba690579b5e95af2f4840f99c772816dbe573cb826", size = 586486, upload-time = "2026-06-30T07:17:51.141Z" },
]

[[package]]
name = "sortedcontainers"
version = "2.4.0"
source = { registry = "https://pypi.org/simple" }
sdist = { url = "https://files.pythonhosted.org/packages/e8/c4/ba2f8066cceb6f23394729afe52f3bf7adec04bf9ed2c820b39e19299111/sortedcontainers-2.4.0.tar.gz", hash = "sha256:25caa5a06cc30b6b83d11423433f65d1f9d76c4c6a0c90e3379eaa43b9bfdb88", size = 30594, upload-time = "2021-05-16T22:03:42.897Z" }
wheels = [
    { url = "https://files.pythonhosted.org/packages/32/46/9cb0e58b2deb7f82b84065f37f3bffeb12413f947f9388e4cac22c4621ce/sortedcontainers-2.4.0-py2.py3-none-any.whl", hash = "sha256:a163dcaede0f1c021485e957a39245190e74249897e2ae4b2aa38595db237ee0", size = 29575, upload-time = "2021-05-16T22:03:41.177Z" },
]

[[package]]
name = "typing-extensions"
version = "4.16.0"
source = { registry = "https://pypi.org/simple" }
sdist = { url = "https://files.pythonhosted.org/packages/f6/cc/6253133b5bb138fc3306cebfbda2c520f545d36b5be2c7255cc528bb45d6/typing_extensions-4.16.0.tar.gz", hash = "sha256:dc983d19a509c94dba722ee6abd33940f7c05a89e243c47e907eb4db6f1a43e5", size = 113555, upload-time = "2026-07-02T08:40:05.92Z" }
wheels = [
    { url = "https://files.pythonhosted.org/packages/49/d3/b8441a820a491ddfc024b0b0cf0393375b75ea13866d9c66727e54c2fc80/typing_extensions-4.16.0-py3-none-any.whl", hash = "sha256:481caa481374e813c1b176ada14e97f1f67a4539ce9cfeb3f350d78d6370c2e8", size = 45571, upload-time = "2026-07-02T08:40:04.659Z" },
]
